
Microsoft Visual Studio Solution File, Format Version 12.00
# Visual Studio Version 17
VisualStudioVersion = 17.6.33815.320
MinimumVisualStudioVersion = 10.0.40219.1
Project("{FAE04EC0-301F-11D3-BF4B-00C04F79EFBC}") = "ControlFlow", "ControlFlow\ControlFlow.csproj", "{4A6109B9-97CF-48B6-983C-549CC7DC2D64}"
EndProject
Global
	GlobalSection(SolutionConfigurationPlatforms) = preSolution
		Debug|Any CPU = Debug|Any CPU
		Release|Any CPU = Release|Any CPU
	EndGlobalSection
	GlobalSection(ProjectConfigurationPlatforms) = postSolution
		{4A6109B9-97CF-48B6-983C-549CC7DC2D64}.Debug|Any CPU.ActiveCfg = Debug|Any CPU
		{4A6109B9-97CF-48B6-983C-549CC7DC2D64}.Debug|Any CPU.Build.0 = Debug|Any CPU
		{4A6109B9-97CF-48B6-983C-549CC7DC2D64}.Release|Any CPU.ActiveCfg = Release|Any CPU
		{4A6109B9-97CF-48B6-983C-549CC7DC2D64}.Release|Any CPU.Build.0 = Release|Any CPU
	EndGlobalSection
	GlobalSection(SolutionProperties) = preSolution
		HideSolutionNode = FALSE
	EndGlobalSection
	GlobalSection(ExtensibilityGlobals) = postSolution
		SolutionGuid = {F0B23B82-0FBF-4D34-8B35-A84E63757DC5}
	EndGlobalSection
EndGlobal
